
Microsoft Visual Studio Solution File, Format Version 12.00
Project("{FAE04EC0-301F-11D3-BF4B-00C04F79EFBC}") = "PuertoRico.Engine", "PuertoRico.Engine\PuertoRico.Engine.csproj", "{F6D479FF-04A2-42BA-9EB8-11052135DC83}"
EndProject
Project("{FAE04EC0-301F-11D3-BF4B-00C04F79EFBC}") = "PuertoRico.Engine.Test", "PuertoRico.Engine.Test\PuertoRico.Engine.Test.csproj", "{C4984626-15DC-4273-BD71-AFBCBD136D83}"
EndProject
Global
	GlobalSection(SolutionConfigurationPlatforms) = preSolution
		Debug|Any CPU = Debug|Any CPU
		Release|Any CPU = Release|Any CPU
	EndGlobalSection
	GlobalSection(ProjectConfigurationPlatforms) = postSolution
		{F6D479FF-04A2-42BA-9EB8-11052135DC83}.Debug|Any CPU.ActiveCfg = Debug|Any CPU
		{F6D479FF-04A2-42BA-9EB8-11052135DC83}.Debug|Any CPU.Build.0 = Debug|Any CPU
		{F6D479FF-04A2-42BA-9EB8-11052135DC83}.Release|Any CPU.ActiveCfg = Release|Any CPU
		{F6D479FF-04A2-42BA-9EB8-11052135DC83}.Release|Any CPU.Build.0 = Release|Any CPU
		{C4984626-15DC-4273-BD71-AFBCBD136D83}.Debug|Any CPU.ActiveCfg = Debug|Any CPU
		{C4984626-15DC-4273-BD71-AFBCBD136D83}.Debug|Any CPU.Build.0 = Debug|Any CPU
		{C4984626-15DC-4273-BD71-AFBCBD136D83}.Release|Any CPU.ActiveCfg = Release|Any CPU
		{C4984626-15DC-4273-BD71-AFBCBD136D83}.Release|Any CPU.Build.0 = Release|Any CPU
	EndGlobalSection
EndGlobal
